
Microsoft Visual Studio Solution File, Format Version 12.00
# Visual Studio Version 17
VisualStudioVersion = 17.4.33213.308
MinimumVisualStudioVersion = 10.0.40219.1
Project("{FAE04EC0-301F-11D3-BF4B-00C04F79EFBC}") = "ConsoleAppDZ_6", "ConsoleAppDZ_6\ConsoleAppDZ_6.csproj", "{FE797B37-E65F-48A7-9379-06C50C72FB61}"
EndProject
Global
	GlobalSection(SolutionConfigurationPlatforms) = preSolution
		Debug|Any CPU = Debug|Any CPU
		Release|Any CPU = Release|Any CPU
	EndGlobalSection
	GlobalSection(ProjectConfigurationPlatforms) = postSolution
		{FE797B37-E65F-48A7-9379-06C50C72FB61}.Debug|Any CPU.ActiveCfg = Debug|Any CPU
		{FE797B37-E65F-48A7-9379-06C50C72FB61}.Debug|Any CPU.Build.0 = Debug|Any CPU
		{FE797B37-E65F-48A7-9379-06C50C72FB61}.Release|Any CPU.ActiveCfg = Release|Any CPU
		{FE797B37-E65F-48A7-9379-06C50C72FB61}.Release|Any CPU.Build.0 = Release|Any CPU
	EndGlobalSection
	GlobalSection(SolutionProperties) = preSolution
		HideSolutionNode = FALSE
	EndGlobalSection
	GlobalSection(ExtensibilityGlobals) = postSolution
		SolutionGuid = {0A9A1DA5-69FF-4EAC-89FB-0CC4EF62AA41}
	EndGlobalSection
EndGlobal
